{
  "nodes": {
    "nix-darwin": {
      "inputs": {
        "nixpkgs": [
          "nixpkgs"
        ]
      },
      "locked": {
        "lastModified": 1722009762,
        "narHash": "sha256-KV3H6BA9UNPDdkubDMQCWKz6Z4XokHsYazRkJJZZurA=",
        "owner": "LnL7",
        "repo": "nix-darwin",
        "rev": "72bbc11aedcaba6f9a748786bb0aff9213d8fb36",
        "type": "github"
      },
      "original": {
        "owner": "LnL7",
        "repo": "nix-darwin",
        "type": "github"
      }
    },
    "nixpkgs": {
      "locked": {
        "lastModified": 1721970117,
        "narHash": "sha256-Hwm46lggqtihMaRuxbNaC1ACcU2a0jO/HXqrdjMatXk=",
        "owner": "NixOS",
        "repo": "nixpkgs",
        "rev": "733453ac54a40997a6a690b60f3942d79560247c",
        "type": "github"
      },
      "original": {
        "owner": "NixOS",
        "ref": "nixpkgs-unstable",
        "repo": "nixpkgs",
        "type": "github"
      }
    },
    "root": {
      "inputs": {
        "nix-darwin": "nix-darwin",
        "nixpkgs": "nixpkgs"
      }
    }
  },
  "root": "root",
  "version": 7
}
